
Microsoft Visual Studio Solution File, Format Version 12.00
Project("{FAE04EC0-301F-11D3-BF4B-00C04F79EFBC}") = "VolcanoSimulator", "VolcanoSimulator\VolcanoSimulator.csproj", "{F661F822-E916-438A-B4BE-4DC2D52428C5}"
EndProject
Project("{FAE04EC0-301F-11D3-BF4B-00C04F79EFBC}") = "VolcanoCore", "VolcanoCore\VolcanoCore.csproj", "{2A604810-B913-4CE0-A185-6CE79366B065}"
EndProject
Global
	GlobalSection(SolutionConfigurationPlatforms) = preSolution
		Debug|Any CPU = Debug|Any CPU
		Release|Any CPU = Release|Any CPU
	EndGlobalSection
	GlobalSection(ProjectConfigurationPlatforms) = postSolution
		{F661F822-E916-438A-B4BE-4DC2D52428C5}.Debug|Any CPU.ActiveCfg = Debug|Any CPU
		{F661F822-E916-438A-B4BE-4DC2D52428C5}.Debug|Any CPU.Build.0 = Debug|Any CPU
		{F661F822-E916-438A-B4BE-4DC2D52428C5}.Release|Any CPU.ActiveCfg = Release|Any CPU
		{F661F822-E916-438A-B4BE-4DC2D52428C5}.Release|Any CPU.Build.0 = Release|Any CPU
		{2A604810-B913-4CE0-A185-6CE79366B065}.Debug|Any CPU.ActiveCfg = Debug|Any CPU
		{2A604810-B913-4CE0-A185-6CE79366B065}.Debug|Any CPU.Build.0 = Debug|Any CPU
		{2A604810-B913-4CE0-A185-6CE79366B065}.Release|Any CPU.ActiveCfg = Release|Any CPU
		{2A604810-B913-4CE0-A185-6CE79366B065}.Release|Any CPU.Build.0 = Release|Any CPU
	EndGlobalSection
EndGlobal
